{
  "name": "@effect/tsgo",
  "version": "0.37.0",
  "lockfileVersion": 3,
  "requires": true,
  "packages": {
    "": {
      "name": "@effect/tsgo",
      "version": "0.37.0",
      "license": "MIT",
      "bin": {
        "effect-tsgo": "dist/effect-tsgo.cjs"
      },
      "optionalDependencies": {
        "@effect/tsgo-darwin-arm64": "0.37.0",
        "@effect/tsgo-darwin-x64": "0.37.0",
        "@effect/tsgo-linux-arm": "0.37.0",
        "@effect/tsgo-linux-arm64": "0.37.0",
        "@effect/tsgo-linux-x64": "0.37.0",
        "@effect/tsgo-win32-arm64": "0.37.0",
        "@effect/tsgo-win32-x64": "0.37.0"
      }
    },
    "node_modules/@effect/tsgo-darwin-arm64": {
      "version": "0.37.0",
      "resolved": "https://registry.npmjs.org/@effect/tsgo-darwin-arm64/-/tsgo-darwin-arm64-0.37.0.tgz",
      "integrity": "sha512-D9o2NKswmRklu+sG28HkxZAvtvOa0Mt+bLVjJKydF2kVw+gePxiHuTbbI3e4Kqumv4ucLT3TtqU1a2RirC80lA==",
      "cpu": [
        "arm64"
      ],
      "license": "MIT",
      "optional": true,
      "os": [
        "darwin"
      ]
    },
    "node_modules/@effect/tsgo-darwin-x64": {
      "version": "0.37.0",
      "resolved": "https://registry.npmjs.org/@effect/tsgo-darwin-x64/-/tsgo-darwin-x64-0.37.0.tgz",
      "integrity": "sha512-3PP9ktZOOYaPhGSP01ySM44pJbeLJZUuF2auCRTIxySHqe2vvhxVAIGGCwmMzOg0qeqowOUG8ew4kofmqRsXCg==",
      "cpu": [
        "x64"
      ],
      "license": "MIT",
      "optional": true,
      "os": [
        "darwin"
      ]
    },
    "node_modules/@effect/tsgo-linux-arm": {
      "version": "0.37.0",
      "resolved": "https://registry.npmjs.org/@effect/tsgo-linux-arm/-/tsgo-linux-arm-0.37.0.tgz",
      "integrity": "sha512-JEtNv5gI6gHjtrYMz5ln6uZIMKwUGgxsDHpJgBPUd+yS/Cm48b4SjpLuYRBEvjPJTxPM6asEkyKsBMlboJfoIg==",
      "cpu": [
        "arm"
      ],
      "license": "MIT",
      "optional": true,
      "os": [
        "linux"
      ]
    },
    "node_modules/@effect/tsgo-linux-arm64": {
      "version": "0.37.0",
      "resolved": "https://registry.npmjs.org/@effect/tsgo-linux-arm64/-/tsgo-linux-arm64-0.37.0.tgz",
      "integrity": "sha512-7rICv3nNPSo5gPPUOSBJyYU1Hu8yRX2IqRWATXhhuPUJ3yQwLevAim6AyzZp/FMoKUYgr+SZ18dw6BntAdzMrA==",
      "cpu": [
        "arm64"
      ],
      "license": "MIT",
      "optional": true,
      "os": [
        "linux"
      ]
    },
    "node_modules/@effect/tsgo-linux-x64": {
      "version": "0.37.0",
      "resolved": "https://registry.npmjs.org/@effect/tsgo-linux-x64/-/tsgo-linux-x64-0.37.0.tgz",
      "integrity": "sha512-gPl5KO83aU55JXEv2lBjOLRdZafP+/fAl2mveZArU+QsOf5MuUnFmSRo+eds0/971wH3a13lW9sWBg+/XZtq8g==",
      "cpu": [
        "x64"
      ],
      "license": "MIT",
      "optional": true,
      "os": [
        "linux"
      ]
    },
    "node_modules/@effect/tsgo-win32-arm64": {
      "version": "0.37.0",
      "resolved": "https://registry.npmjs.org/@effect/tsgo-win32-arm64/-/tsgo-win32-arm64-0.37.0.tgz",
      "integrity": "sha512-ipmWCTitf6CYn4sAqOxwvv48JlE46SfvDq1I912OPnPHBP3ZnYF1b18RqiOCiL4Z1aQ6pC5NTeyulfW8g9cM7Q==",
      "cpu": [
        "arm64"
      ],
      "license": "MIT",
      "optional": true,
      "os": [
        "win32"
      ]
    },
    "node_modules/@effect/tsgo-win32-x64": {
      "version": "0.37.0",
      "resolved": "https://registry.npmjs.org/@effect/tsgo-win32-x64/-/tsgo-win32-x64-0.37.0.tgz",
      "integrity": "sha512-h2UGN9UN+wyQ3KxyShOFyCy0CcgxvC9AoKv1OpZACWqw0ewU4ga6kyN5cmOY94JWXolcTgwhd/DUqN3IaEyoPw==",
      "cpu": [
        "x64"
      ],
      "license": "MIT",
      "optional": true,
      "os": [
        "win32"
      ]
    }
  }
}
