{
  "name": "@effect/tsgo",
  "version": "0.36.4",
  "lockfileVersion": 3,
  "requires": true,
  "packages": {
    "": {
      "name": "@effect/tsgo",
      "version": "0.36.4",
      "license": "MIT",
      "bin": {
        "effect-tsgo": "dist/effect-tsgo.cjs"
      },
      "optionalDependencies": {
        "@effect/tsgo-darwin-arm64": "0.36.4",
        "@effect/tsgo-darwin-x64": "0.36.4",
        "@effect/tsgo-linux-arm": "0.36.4",
        "@effect/tsgo-linux-arm64": "0.36.4",
        "@effect/tsgo-linux-x64": "0.36.4",
        "@effect/tsgo-win32-arm64": "0.36.4",
        "@effect/tsgo-win32-x64": "0.36.4"
      }
    },
    "node_modules/@effect/tsgo-darwin-arm64": {
      "version": "0.36.4",
      "resolved": "https://registry.npmjs.org/@effect/tsgo-darwin-arm64/-/tsgo-darwin-arm64-0.36.4.tgz",
      "integrity": "sha512-oOcWdKQucNch6G4CvidHEzmfgeKEPMvFcz+DXuKGonBLwVHX+i1VYGbZwccEOoiitOg7eWVl4e8S0qKMXg3/gg==",
      "cpu": [
        "arm64"
      ],
      "license": "MIT",
      "optional": true,
      "os": [
        "darwin"
      ]
    },
    "node_modules/@effect/tsgo-darwin-x64": {
      "version": "0.36.4",
      "resolved": "https://registry.npmjs.org/@effect/tsgo-darwin-x64/-/tsgo-darwin-x64-0.36.4.tgz",
      "integrity": "sha512-4QZh0n/nUoTI7sp4o7gDEviJ/jXH+IFTVqIyQ2w2fqqPoOvaGl9bVoR/2f9j/67hvY4DHcXKaccpmyoRYhaYsw==",
      "cpu": [
        "x64"
      ],
      "license": "MIT",
      "optional": true,
      "os": [
        "darwin"
      ]
    },
    "node_modules/@effect/tsgo-linux-arm": {
      "version": "0.36.4",
      "resolved": "https://registry.npmjs.org/@effect/tsgo-linux-arm/-/tsgo-linux-arm-0.36.4.tgz",
      "integrity": "sha512-10oTUnOK/RCfmTMFvMndNIfk61uviyYBRpbxhDd/SiU6DYCmWlnZ/xhGmgyj5uiysOiFNsp3NKxT0d9y4uAz8g==",
      "cpu": [
        "arm"
      ],
      "license": "MIT",
      "optional": true,
      "os": [
        "linux"
      ]
    },
    "node_modules/@effect/tsgo-linux-arm64": {
      "version": "0.36.4",
      "resolved": "https://registry.npmjs.org/@effect/tsgo-linux-arm64/-/tsgo-linux-arm64-0.36.4.tgz",
      "integrity": "sha512-aOv+wVbZWgBt9PGXPA874qgw151GrzkWqaswe+4TXjhdw/M4i35PCUH5T+uaQj3FnQ1NWiPqHIGfNBRjf3xG6w==",
      "cpu": [
        "arm64"
      ],
      "license": "MIT",
      "optional": true,
      "os": [
        "linux"
      ]
    },
    "node_modules/@effect/tsgo-linux-x64": {
      "version": "0.36.4",
      "resolved": "https://registry.npmjs.org/@effect/tsgo-linux-x64/-/tsgo-linux-x64-0.36.4.tgz",
      "integrity": "sha512-+BuwiG5d8dLNrrN1PB5GA3gRkBwvlUYmMkm/XkttaLnppp9jePFkB8CgAiNV8j290q7BVO2nQjao5aPkVwmluw==",
      "cpu": [
        "x64"
      ],
      "license": "MIT",
      "optional": true,
      "os": [
        "linux"
      ]
    },
    "node_modules/@effect/tsgo-win32-arm64": {
      "version": "0.36.4",
      "resolved": "https://registry.npmjs.org/@effect/tsgo-win32-arm64/-/tsgo-win32-arm64-0.36.4.tgz",
      "integrity": "sha512-HsW90wbMWOeorUeNMdTqTcMZIDcCXdkeFGXTUkx9K1R21fXSw+QEdPtTmEyKsRMXEH4vqek/HQa0yMkUT0CJzA==",
      "cpu": [
        "arm64"
      ],
      "license": "MIT",
      "optional": true,
      "os": [
        "win32"
      ]
    },
    "node_modules/@effect/tsgo-win32-x64": {
      "version": "0.36.4",
      "resolved": "https://registry.npmjs.org/@effect/tsgo-win32-x64/-/tsgo-win32-x64-0.36.4.tgz",
      "integrity": "sha512-q4j1q0ESYxxookjA0ECz/84DEH2MsP51K0aZb3uXKfxagHDASPoWDcVu4BJTcwrK5kdZzvw9QrCPjAXe9WZqng==",
      "cpu": [
        "x64"
      ],
      "license": "MIT",
      "optional": true,
      "os": [
        "win32"
      ]
    }
  }
}
