{
  "name": "@effect/tsgo",
  "version": "0.46.0",
  "lockfileVersion": 3,
  "requires": true,
  "packages": {
    "": {
      "name": "@effect/tsgo",
      "version": "0.46.0",
      "license": "MIT",
      "bin": {
        "effect-tsgo": "dist/effect-tsgo.cjs"
      },
      "optionalDependencies": {
        "@effect/tsgo-darwin-arm64": "0.46.0",
        "@effect/tsgo-darwin-x64": "0.46.0",
        "@effect/tsgo-linux-arm": "0.46.0",
        "@effect/tsgo-linux-arm64": "0.46.0",
        "@effect/tsgo-linux-x64": "0.46.0",
        "@effect/tsgo-win32-arm64": "0.46.0",
        "@effect/tsgo-win32-x64": "0.46.0"
      }
    },
    "node_modules/@effect/tsgo-darwin-arm64": {
      "version": "0.46.0",
      "resolved": "https://registry.npmjs.org/@effect/tsgo-darwin-arm64/-/tsgo-darwin-arm64-0.46.0.tgz",
      "integrity": "sha512-1Ox9ItOdRJN9aL0hZPYXX9dfFpSDb7h5DRdWCoU30OFlWe04I7ErdOlKkoImj6bea9WiQedTa8k2n3I+LbNG7w==",
      "cpu": [
        "arm64"
      ],
      "license": "MIT",
      "optional": true,
      "os": [
        "darwin"
      ]
    },
    "node_modules/@effect/tsgo-darwin-x64": {
      "version": "0.46.0",
      "resolved": "https://registry.npmjs.org/@effect/tsgo-darwin-x64/-/tsgo-darwin-x64-0.46.0.tgz",
      "integrity": "sha512-U/A3YpyXvzChkOB/HIi2XeTTC6qnS0h1DzoPPjRfNGv8AFohRwzD+ZMnEY+hU4jvJ7owMrOZrgjr3rcRdsxIgg==",
      "cpu": [
        "x64"
      ],
      "license": "MIT",
      "optional": true,
      "os": [
        "darwin"
      ]
    },
    "node_modules/@effect/tsgo-linux-arm": {
      "version": "0.46.0",
      "resolved": "https://registry.npmjs.org/@effect/tsgo-linux-arm/-/tsgo-linux-arm-0.46.0.tgz",
      "integrity": "sha512-VZGErwcGPTj0o/YIpxpyuHhlLtlAA8+NOx6qoepk6PFlkV76uRWWA1A68j+f7TOAzE1FOZVYfJFfI5mqZsxZNQ==",
      "cpu": [
        "arm"
      ],
      "license": "MIT",
      "optional": true,
      "os": [
        "linux"
      ]
    },
    "node_modules/@effect/tsgo-linux-arm64": {
      "version": "0.46.0",
      "resolved": "https://registry.npmjs.org/@effect/tsgo-linux-arm64/-/tsgo-linux-arm64-0.46.0.tgz",
      "integrity": "sha512-Iiqx0d/gkwsIJM23jiYXQZIOo+Dfk4MgXUUIEE2RWEqQAythFaUqK6p+jzoY6cBoKzuXf3B11vMpb1xiRNs12w==",
      "cpu": [
        "arm64"
      ],
      "license": "MIT",
      "optional": true,
      "os": [
        "linux"
      ]
    },
    "node_modules/@effect/tsgo-linux-x64": {
      "version": "0.46.0",
      "resolved": "https://registry.npmjs.org/@effect/tsgo-linux-x64/-/tsgo-linux-x64-0.46.0.tgz",
      "integrity": "sha512-PPSLhmdJw0GglzHY4DL1AdR33jnx14bH9/f+IFeifvmzMyXInCzLI4w8jI2ROX1HN2dQg6H/v8tX0Ef7xtq8tw==",
      "cpu": [
        "x64"
      ],
      "license": "MIT",
      "optional": true,
      "os": [
        "linux"
      ]
    },
    "node_modules/@effect/tsgo-win32-arm64": {
      "version": "0.46.0",
      "resolved": "https://registry.npmjs.org/@effect/tsgo-win32-arm64/-/tsgo-win32-arm64-0.46.0.tgz",
      "integrity": "sha512-0CSOUE9DDROvk96TSwm5J96pxB7Mm1D1zXeHFTDMmf3Pim2JjAuCZ3oYQrrnUP520kAnbABNVUhWHURtaU5IjA==",
      "cpu": [
        "arm64"
      ],
      "license": "MIT",
      "optional": true,
      "os": [
        "win32"
      ]
    },
    "node_modules/@effect/tsgo-win32-x64": {
      "version": "0.46.0",
      "resolved": "https://registry.npmjs.org/@effect/tsgo-win32-x64/-/tsgo-win32-x64-0.46.0.tgz",
      "integrity": "sha512-VGoT9TkWhFxjhRMOok3wqx5TwXAKKCdFgug+aggP9GGaLC33lqW1l85kLm4sMH5dzw2Fa3g/+BGyVJoL20INdg==",
      "cpu": [
        "x64"
      ],
      "license": "MIT",
      "optional": true,
      "os": [
        "win32"
      ]
    }
  }
}
